
Microsoft Visual Studio Solution File, Format Version 12.00
Project("{F2A71F9B-5D33-465A-A702-920D77279786}") = "SonarSweep2", "SonarSweep2\SonarSweep2.fsproj", "{2E3C6D98-DC97-4340-A898-1C334CE3BD1D}"
EndProject
Project("{F2A71F9B-5D33-465A-A702-920D77279786}") = "Dive1", "Dive1\Dive1.fsproj", "{0FF03978-DE0A-4076-8C5E-8FEF764EE271}"
EndProject
Project("{F2A71F9B-5D33-465A-A702-920D77279786}") = "Dive2", "Dive2\Dive2.fsproj", "{3B9EBB56-DA5F-4DFF-9279-83D04BE1D5BD}"
EndProject
Project("{F2A71F9B-5D33-465A-A702-920D77279786}") = "BinaryDiagnostic1", "BinaryDiagnostic1\BinaryDiagnostic1.fsproj", "{3DE4D4DA-C64C-4A71-9DAF-7AF2D5FF2BB7}"
EndProject
Project("{F2A71F9B-5D33-465A-A702-920D77279786}") = "BinaryDiagnostic2", "BinaryDiagnostic2\BinaryDiagnostic2.fsproj", "{851990D1-671E-4B2F-9D13-B8F7657F0693}"
EndProject
Project("{F2A71F9B-5D33-465A-A702-920D77279786}") = "Bingo1", "Bingo1\Bingo1.fsproj", "{60DD0A5B-D012-4066-997A-9AB02C64EC57}"
EndProject
Project("{F2A71F9B-5D33-465A-A702-920D77279786}") = "Bingo2", "Bingo2\Bingo2.fsproj", "{3B820D1B-9D66-487B-B918-0D0899063010}"
EndProject
Project("{F2A71F9B-5D33-465A-A702-920D77279786}") = "Util", "Util\Util.fsproj", "{F8B90BF9-7E6C-40D5-BA58-C1C9ABA6E30F}"
EndProject
Project("{F2A71F9B-5D33-465A-A702-920D77279786}") = "SonarSweep1", "SonarSweep1\SonarSweep1.fsproj", "{233258E4-ACEC-4084-BD59-F5F21F0374A2}"
EndProject
Project("{F2A71F9B-5D33-465A-A702-920D77279786}") = "HydrothermalVenture1", "HydrothermalVenture1\HydrothermalVenture1.fsproj", "{54351AC2-7AF3-4E6B-A5E8-ECF8C758CDA2}"
EndProject
Project("{F2A71F9B-5D33-465A-A702-920D77279786}") = "HydrothermalVenture2", "HydrothermalVenture2\HydrothermalVenture2.fsproj", "{52C51F89-B256-4898-A6BD-95A5BA00106F}"
EndProject
Project("{F2A71F9B-5D33-465A-A702-920D77279786}") = "LanternFish1", "LanternFish1\LanternFish1.fsproj", "{BC54BC62-E545-4409-9A14-2B27CFE6EE6E}"
EndProject
Project("{F2A71F9B-5D33-465A-A702-920D77279786}") = "TheTreacheryOfWhales1", "TheTreacheryOfWhales1\TheTreacheryOfWhales1.fsproj", "{4628A0FE-0B3B-4F60-8AA7-706D4F926092}"
EndProject
Project("{F2A71F9B-5D33-465A-A702-920D77279786}") = "TheTreacheryOfWhales2", "TheTreacheryOfWhales2\TheTreacheryOfWhales2.fsproj", "{B920AD02-FA44-4568-AFAA-2C520440192B}"
EndProject
Project("{F2A71F9B-5D33-465A-A702-920D77279786}") = "SevenSegmentSearch1", "SevenSegmentSearch1\SevenSegmentSearch1.fsproj", "{2008DBF1-7DEC-4D40-88E3-AC281DB949B9}"
EndProject
Project("{F2A71F9B-5D33-465A-A702-920D77279786}") = "SmokeBasin1", "SmokeBasin1\SmokeBasin1.fsproj", "{8A5FC681-36D0-4436-BCC0-B7C2AE77EBD2}"
EndProject
Project("{F2A71F9B-5D33-465A-A702-920D77279786}") = "SmokeBasin2", "SmokeBasin2\SmokeBasin2.fsproj", "{50A4D638-208A-4078-A4FB-90CA3CEB2DE4}"
EndProject
Project("{F2A71F9B-5D33-465A-A702-920D77279786}") = "SyntaxScoring1", "SyntaxScoring1\SyntaxScoring1.fsproj", "{998AB257-59D6-46DB-9DE6-DFCA9E46699E}"
EndProject
Project("{F2A71F9B-5D33-465A-A702-920D77279786}") = "SyntaxScoring2", "SyntaxScoring2\SyntaxScoring2.fsproj", "{D3F0731A-76D8-40D7-B29F-8AA330ECD031}"
EndProject
Project("{F2A71F9B-5D33-465A-A702-920D77279786}") = "DumboOctopus1", "DumboOctopus1\DumboOctopus1.fsproj", "{04DE9707-9E5A-44FD-91E9-FFC4639F05AF}"
EndProject
Project("{F2A71F9B-5D33-465A-A702-920D77279786}") = "DumboOctopus2", "DumboOctopus2\DumboOctopus2.fsproj", "{E3C3D464-2F97-4A19-BDA6-103C3538AEA6}"
EndProject
Project("{F2A71F9B-5D33-465A-A702-920D77279786}") = "PassagePathing1", "PassagePathing1\PassagePathing1.fsproj", "{53B459F8-16AE-45DB-AF6E-0A8D47711216}"
EndProject
Project("{F2A71F9B-5D33-465A-A702-920D77279786}") = "PassagePathing2", "PassagePathing2\PassagePathing2.fsproj", "{FFF80031-E323-4BB3-872A-CF9EDC24548F}"
EndProject
Global
	GlobalSection(SolutionConfigurationPlatforms) = preSolution
		Debug|Any CPU = Debug|Any CPU
		Release|Any CPU = Release|Any CPU
	EndGlobalSection
	GlobalSection(ProjectConfigurationPlatforms) = postSolution
		{2E3C6D98-DC97-4340-A898-1C334CE3BD1D}.Debug|Any CPU.ActiveCfg = Debug|Any CPU
		{2E3C6D98-DC97-4340-A898-1C334CE3BD1D}.Debug|Any CPU.Build.0 = Debug|Any CPU
		{2E3C6D98-DC97-4340-A898-1C334CE3BD1D}.Release|Any CPU.ActiveCfg = Release|Any CPU
		{2E3C6D98-DC97-4340-A898-1C334CE3BD1D}.Release|Any CPU.Build.0 = Release|Any CPU
		{0FF03978-DE0A-4076-8C5E-8FEF764EE271}.Debug|Any CPU.ActiveCfg = Debug|Any CPU
		{0FF03978-DE0A-4076-8C5E-8FEF764EE271}.Debug|Any CPU.Build.0 = Debug|Any CPU
		{0FF03978-DE0A-4076-8C5E-8FEF764EE271}.Release|Any CPU.ActiveCfg = Release|Any CPU
		{0FF03978-DE0A-4076-8C5E-8FEF764EE271}.Release|Any CPU.Build.0 = Release|Any CPU
		{3B9EBB56-DA5F-4DFF-9279-83D04BE1D5BD}.Debug|Any CPU.ActiveCfg = Debug|Any CPU
		{3B9EBB56-DA5F-4DFF-9279-83D04BE1D5BD}.Debug|Any CPU.Build.0 = Debug|Any CPU
		{3B9EBB56-DA5F-4DFF-9279-83D04BE1D5BD}.Release|Any CPU.ActiveCfg = Release|Any CPU
		{3B9EBB56-DA5F-4DFF-9279-83D04BE1D5BD}.Release|Any CPU.Build.0 = Release|Any CPU
		{3DE4D4DA-C64C-4A71-9DAF-7AF2D5FF2BB7}.Debug|Any CPU.ActiveCfg = Debug|Any CPU
		{3DE4D4DA-C64C-4A71-9DAF-7AF2D5FF2BB7}.Debug|Any CPU.Build.0 = Debug|Any CPU
		{3DE4D4DA-C64C-4A71-9DAF-7AF2D5FF2BB7}.Release|Any CPU.ActiveCfg = Release|Any CPU
		{3DE4D4DA-C64C-4A71-9DAF-7AF2D5FF2BB7}.Release|Any CPU.Build.0 = Release|Any CPU
		{851990D1-671E-4B2F-9D13-B8F7657F0693}.Debug|Any CPU.ActiveCfg = Debug|Any CPU
		{851990D1-671E-4B2F-9D13-B8F7657F0693}.Debug|Any CPU.Build.0 = Debug|Any CPU
		{851990D1-671E-4B2F-9D13-B8F7657F0693}.Release|Any CPU.ActiveCfg = Release|Any CPU
		{851990D1-671E-4B2F-9D13-B8F7657F0693}.Release|Any CPU.Build.0 = Release|Any CPU
		{60DD0A5B-D012-4066-997A-9AB02C64EC57}.Debug|Any CPU.ActiveCfg = Debug|Any CPU
		{60DD0A5B-D012-4066-997A-9AB02C64EC57}.Debug|Any CPU.Build.0 = Debug|Any CPU
		{60DD0A5B-D012-4066-997A-9AB02C64EC57}.Release|Any CPU.ActiveCfg = Release|Any CPU
		{60DD0A5B-D012-4066-997A-9AB02C64EC57}.Release|Any CPU.Build.0 = Release|Any CPU
		{3B820D1B-9D66-487B-B918-0D0899063010}.Debug|Any CPU.ActiveCfg = Debug|Any CPU
		{3B820D1B-9D66-487B-B918-0D0899063010}.Debug|Any CPU.Build.0 = Debug|Any CPU
		{3B820D1B-9D66-487B-B918-0D0899063010}.Release|Any CPU.ActiveCfg = Release|Any CPU
		{3B820D1B-9D66-487B-B918-0D0899063010}.Release|Any CPU.Build.0 = Release|Any CPU
		{F8B90BF9-7E6C-40D5-BA58-C1C9ABA6E30F}.Debug|Any CPU.ActiveCfg = Debug|Any CPU
		{F8B90BF9-7E6C-40D5-BA58-C1C9ABA6E30F}.Debug|Any CPU.Build.0 = Debug|Any CPU
		{F8B90BF9-7E6C-40D5-BA58-C1C9ABA6E30F}.Release|Any CPU.ActiveCfg = Release|Any CPU
		{F8B90BF9-7E6C-40D5-BA58-C1C9ABA6E30F}.Release|Any CPU.Build.0 = Release|Any CPU
		{233258E4-ACEC-4084-BD59-F5F21F0374A2}.Debug|Any CPU.ActiveCfg = Debug|Any CPU
		{233258E4-ACEC-4084-BD59-F5F21F0374A2}.Debug|Any CPU.Build.0 = Debug|Any CPU
		{233258E4-ACEC-4084-BD59-F5F21F0374A2}.Release|Any CPU.ActiveCfg = Release|Any CPU
		{233258E4-ACEC-4084-BD59-F5F21F0374A2}.Release|Any CPU.Build.0 = Release|Any CPU
		{54351AC2-7AF3-4E6B-A5E8-ECF8C758CDA2}.Debug|Any CPU.ActiveCfg = Debug|Any CPU
		{54351AC2-7AF3-4E6B-A5E8-ECF8C758CDA2}.Debug|Any CPU.Build.0 = Debug|Any CPU
		{54351AC2-7AF3-4E6B-A5E8-ECF8C758CDA2}.Release|Any CPU.ActiveCfg = Release|Any CPU
		{54351AC2-7AF3-4E6B-A5E8-ECF8C758CDA2}.Release|Any CPU.Build.0 = Release|Any CPU
		{52C51F89-B256-4898-A6BD-95A5BA00106F}.Debug|Any CPU.ActiveCfg = Debug|Any CPU
		{52C51F89-B256-4898-A6BD-95A5BA00106F}.Debug|Any CPU.Build.0 = Debug|Any CPU
		{52C51F89-B256-4898-A6BD-95A5BA00106F}.Release|Any CPU.ActiveCfg = Release|Any CPU
		{52C51F89-B256-4898-A6BD-95A5BA00106F}.Release|Any CPU.Build.0 = Release|Any CPU
		{BC54BC62-E545-4409-9A14-2B27CFE6EE6E}.Debug|Any CPU.ActiveCfg = Debug|Any CPU
		{BC54BC62-E545-4409-9A14-2B27CFE6EE6E}.Debug|Any CPU.Build.0 = Debug|Any CPU
		{BC54BC62-E545-4409-9A14-2B27CFE6EE6E}.Release|Any CPU.ActiveCfg = Release|Any CPU
		{BC54BC62-E545-4409-9A14-2B27CFE6EE6E}.Release|Any CPU.Build.0 = Release|Any CPU
		{4628A0FE-0B3B-4F60-8AA7-706D4F926092}.Debug|Any CPU.ActiveCfg = Debug|Any CPU
		{4628A0FE-0B3B-4F60-8AA7-706D4F926092}.Debug|Any CPU.Build.0 = Debug|Any CPU
		{4628A0FE-0B3B-4F60-8AA7-706D4F926092}.Release|Any CPU.ActiveCfg = Release|Any CPU
		{4628A0FE-0B3B-4F60-8AA7-706D4F926092}.Release|Any CPU.Build.0 = Release|Any CPU
		{B920AD02-FA44-4568-AFAA-2C520440192B}.Debug|Any CPU.ActiveCfg = Debug|Any CPU
		{B920AD02-FA44-4568-AFAA-2C520440192B}.Debug|Any CPU.Build.0 = Debug|Any CPU
		{B920AD02-FA44-4568-AFAA-2C520440192B}.Release|Any CPU.ActiveCfg = Release|Any CPU
		{B920AD02-FA44-4568-AFAA-2C520440192B}.Release|Any CPU.Build.0 = Release|Any CPU
		{2008DBF1-7DEC-4D40-88E3-AC281DB949B9}.Debug|Any CPU.ActiveCfg = Debug|Any CPU
		{2008DBF1-7DEC-4D40-88E3-AC281DB949B9}.Debug|Any CPU.Build.0 = Debug|Any CPU
		{2008DBF1-7DEC-4D40-88E3-AC281DB949B9}.Release|Any CPU.ActiveCfg = Release|Any CPU
		{2008DBF1-7DEC-4D40-88E3-AC281DB949B9}.Release|Any CPU.Build.0 = Release|Any CPU
		{8A5FC681-36D0-4436-BCC0-B7C2AE77EBD2}.Debug|Any CPU.ActiveCfg = Debug|Any CPU
		{8A5FC681-36D0-4436-BCC0-B7C2AE77EBD2}.Debug|Any CPU.Build.0 = Debug|Any CPU
		{8A5FC681-36D0-4436-BCC0-B7C2AE77EBD2}.Release|Any CPU.ActiveCfg = Release|Any CPU
		{8A5FC681-36D0-4436-BCC0-B7C2AE77EBD2}.Release|Any CPU.Build.0 = Release|Any CPU
		{50A4D638-208A-4078-A4FB-90CA3CEB2DE4}.Debug|Any CPU.ActiveCfg = Debug|Any CPU
		{50A4D638-208A-4078-A4FB-90CA3CEB2DE4}.Debug|Any CPU.Build.0 = Debug|Any CPU
		{50A4D638-208A-4078-A4FB-90CA3CEB2DE4}.Release|Any CPU.ActiveCfg = Release|Any CPU
		{50A4D638-208A-4078-A4FB-90CA3CEB2DE4}.Release|Any CPU.Build.0 = Release|Any CPU
		{998AB257-59D6-46DB-9DE6-DFCA9E46699E}.Debug|Any CPU.ActiveCfg = Debug|Any CPU
		{998AB257-59D6-46DB-9DE6-DFCA9E46699E}.Debug|Any CPU.Build.0 = Debug|Any CPU
		{998AB257-59D6-46DB-9DE6-DFCA9E46699E}.Release|Any CPU.ActiveCfg = Release|Any CPU
		{998AB257-59D6-46DB-9DE6-DFCA9E46699E}.Release|Any CPU.Build.0 = Release|Any CPU
		{D3F0731A-76D8-40D7-B29F-8AA330ECD031}.Debug|Any CPU.ActiveCfg = Debug|Any CPU
		{D3F0731A-76D8-40D7-B29F-8AA330ECD031}.Debug|Any CPU.Build.0 = Debug|Any CPU
		{D3F0731A-76D8-40D7-B29F-8AA330ECD031}.Release|Any CPU.ActiveCfg = Release|Any CPU
		{D3F0731A-76D8-40D7-B29F-8AA330ECD031}.Release|Any CPU.Build.0 = Release|Any CPU
		{04DE9707-9E5A-44FD-91E9-FFC4639F05AF}.Debug|Any CPU.ActiveCfg = Debug|Any CPU
		{04DE9707-9E5A-44FD-91E9-FFC4639F05AF}.Debug|Any CPU.Build.0 = Debug|Any CPU
		{04DE9707-9E5A-44FD-91E9-FFC4639F05AF}.Release|Any CPU.ActiveCfg = Release|Any CPU
		{04DE9707-9E5A-44FD-91E9-FFC4639F05AF}.Release|Any CPU.Build.0 = Release|Any CPU
		{E3C3D464-2F97-4A19-BDA6-103C3538AEA6}.Debug|Any CPU.ActiveCfg = Debug|Any CPU
		{E3C3D464-2F97-4A19-BDA6-103C3538AEA6}.Debug|Any CPU.Build.0 = Debug|Any CPU
		{E3C3D464-2F97-4A19-BDA6-103C3538AEA6}.Release|Any CPU.ActiveCfg = Release|Any CPU
		{E3C3D464-2F97-4A19-BDA6-103C3538AEA6}.Release|Any CPU.Build.0 = Release|Any CPU
		{53B459F8-16AE-45DB-AF6E-0A8D47711216}.Debug|Any CPU.ActiveCfg = Debug|Any CPU
		{53B459F8-16AE-45DB-AF6E-0A8D47711216}.Debug|Any CPU.Build.0 = Debug|Any CPU
		{53B459F8-16AE-45DB-AF6E-0A8D47711216}.Release|Any CPU.ActiveCfg = Release|Any CPU
		{53B459F8-16AE-45DB-AF6E-0A8D47711216}.Release|Any CPU.Build.0 = Release|Any CPU
		{FFF80031-E323-4BB3-872A-CF9EDC24548F}.Debug|Any CPU.ActiveCfg = Debug|Any CPU
		{FFF80031-E323-4BB3-872A-CF9EDC24548F}.Debug|Any CPU.Build.0 = Debug|Any CPU
		{FFF80031-E323-4BB3-872A-CF9EDC24548F}.Release|Any CPU.ActiveCfg = Release|Any CPU
		{FFF80031-E323-4BB3-872A-CF9EDC24548F}.Release|Any CPU.Build.0 = Release|Any CPU
	EndGlobalSection
EndGlobal
